// !$*UTF8*$!
{
	archiveVersion = 1;
	classes = {
	};
	objectVersion = 55;
	objects = {

/* Begin PBXBuildFile section */
		DCC933EC282678C00048E384 /* Todo_List_2App.swift in Sources */ = {isa = PBXBuildFile; fileRef = DCC933EB282678C00048E384 /* Todo_List_2App.swift */; };
		DCC933EE282678C00048E384 /* ContentView.swift in Sources */ = {isa = PBXBuildFile; fileRef = DCC933ED282678C00048E384 /* ContentView.swift */; };
		DCC933F0282678C30048E384 /* Assets.xcassets in Resources */ = {isa = PBXBuildFile; fileRef = DCC933EF282678C30048E384 /* Assets.xcassets */; };
		DCC933F3282678C30048E384 /* Preview Assets.xcassets in Resources */ = {isa = PBXBuildFile; fileRef = DCC933F2282678C30048E384 /* Preview Assets.xcassets */; };
		DCC933F5282678C30048E384 /* Persistence.swift in Sources */ = {isa = PBXBuildFile; fileRef = DCC933F4282678C30048E384 /* Persistence.swift */; };
		DCC933F8282678C30048E384 /* Todo_List_2.xcdatamodeld in Sources */ = {isa = PBXBuildFile; fileRef = DCC933F6282678C30048E384 /* Todo_List_2.xcdatamodeld */; };
		DCC93401282678D90048E384 /* CloudKit.framework in Frameworks */ = {isa = PBXBuildFile; fileRef = DCC93400282678D90048E384 /* CloudKit.framework */; };
		DCC934032826796B0048E384 /* AddItemView.swift in Sources */ = {isa = PBXBuildFile; fileRef = DCC934022826796B0048E384 /* AddItemView.swift */; };
/* End PBXBuildFile section */

/* Begin PBXFileReference section */
		DCC933E8282678C00048E384 /* Todo List 2.app */ = {isa = PBXFileReference; explicitFileType = wrapper.application; includeInIndex = 0; path = "Todo List 2.app"; sourceTree = BUILT_PRODUCTS_DIR; };
		DCC933EB282678C00048E384 /* Todo_List_2App.swift */ = {isa = PBXFileReference; lastKnownFileType = sourcecode.swift; path = Todo_List_2App.swift; sourceTree = "<group>"; };
		DCC933ED282678C00048E384 /* ContentView.swift */ = {isa = PBXFileReference; lastKnownFileType = sourcecode.swift; path = ContentView.swift; sourceTree = "<group>"; };
		DCC933EF282678C30048E384 /* Assets.xcassets */ = {isa = PBXFileReference; lastKnownFileType = folder.assetcatalog; path = Assets.xcassets; sourceTree = "<group>"; };
		DCC933F2282678C30048E384 /* Preview Assets.xcassets */ = {isa = PBXFileReference; lastKnownFileType = folder.assetcatalog; path = "Preview Assets.xcassets"; sourceTree = "<group>"; };
		DCC933F4282678C30048E384 /* Persistence.swift */ = {isa = PBXFileReference; lastKnownFileType = sourcecode.swift; path = Persistence.swift; sourceTree = "<group>"; };
		DCC933F7282678C30048E384 /* Todo_List_2.xcdatamodel */ = {isa = PBXFileReference; lastKnownFileType = wrapper.xcdatamodel; path = Todo_List_2.xcdatamodel; sourceTree = "<group>"; };
		DCC933F9282678C30048E384 /* Todo_List_2.entitlements */ = {isa = PBXFileReference; lastKnownFileType = text.plist.entitlements; path = Todo_List_2.entitlements; sourceTree = "<group>"; };
		DCC93400282678D90048E384 /* CloudKit.framework */ = {isa = PBXFileReference; lastKnownFileType = wrapper.framework; name = CloudKit.framework; path = System/Library/Frameworks/CloudKit.framework; sourceTree = SDKROOT; };
		DCC934022826796B0048E384 /* AddItemView.swift */ = {isa = PBXFileReference; fileEncoding = 4; lastKnownFileType = sourcecode.swift; path = AddItemView.swift; sourceTree = "<group>"; };
/* End PBXFileReference section */

/* Begin PBXFrameworksBuildPhase section */
		DCC933E5282678C00048E384 /* Frameworks */ = {
			isa = PBXFrameworksBuildPhase;
			buildActionMask = 2147483647;
			files = (
				DCC93401282678D90048E384 /* CloudKit.framework in Frameworks */,
			);
			runOnlyForDeploymentPostprocessing = 0;
		};
/* End PBXFrameworksBuildPhase section */

/* Begin PBXGroup section */
		DCC933DF282678C00048E384 = {
			isa = PBXGroup;
			children = (
				DCC933EA282678C00048E384 /* Todo List 2 */,
				DCC933E9282678C00048E384 /* Products */,
				DCC933FF282678D90048E384 /* Frameworks */,
			);
			sourceTree = "<group>";
		};
		DCC933E9282678C00048E384 /* Products */ = {
			isa = PBXGroup;
			children = (
				DCC933E8282678C00048E384 /* Todo List 2.app */,
			);
			name = Products;
			sourceTree = "<group>";
		};
		DCC933EA282678C00048E384 /* Todo List 2 */ = {
			isa = PBXGroup;
			children = (
				DCC933EB282678C00048E384 /* Todo_List_2App.swift */,
				DCC933ED282678C00048E384 /* ContentView.swift */,
				DCC934022826796B0048E384 /* AddItemView.swift */,
				DCC933EF282678C30048E384 /* Assets.xcassets */,
				DCC933F4282678C30048E384 /* Persistence.swift */,
				DCC933F9282678C30048E384 /* Todo_List_2.entitlements */,
				DCC933F6282678C30048E384 /* Todo_List_2.xcdatamodeld */,
				DCC933F1282678C30048E384 /* Preview Content */,
			);
			path = "Todo List 2";
			sourceTree = "<group>";
		};
		DCC933F1282678C30048E384 /* Preview Content */ = {
			isa = PBXGroup;
			children = (
				DCC933F2282678C30048E384 /* Preview Assets.xcassets */,
			);
			path = "Preview Content";
			sourceTree = "<group>";
		};
		DCC933FF282678D90048E384 /* Frameworks */ = {
			isa = PBXGroup;
			children = (
				DCC93400282678D90048E384 /* CloudKit.framework */,
			);
			name = Frameworks;
			sourceTree = "<group>";
		};
/* End PBXGroup section */

/* Begin PBXNativeTarget section */
		DCC933E7282678C00048E384 /* Todo List 2 */ = {
			isa = PBXNativeTarget;
			buildConfigurationList = DCC933FC282678C30048E384 /* Build configuration list for PBXNativeTarget "Todo List 2" */;
			buildPhases = (
				DCC933E4282678C00048E384 /* Sources */,
				DCC933E5282678C00048E384 /* Frameworks */,
				DCC933E6282678C00048E384 /* Resources */,
			);
			buildRules = (
			);
			dependencies = (
			);
			name = "Todo List 2";
			productName = "Todo List 2";
			productReference = DCC933E8282678C00048E384 /* Todo List 2.app */;
			productType = "com.apple.product-type.application";
		};
/* End PBXNativeTarget section */

/* Begin PBXProject section */
		DCC933E0282678C00048E384 /* Project object */ = {
			isa = PBXProject;
			attributes = {
				BuildIndependentTargetsInParallel = 1;
				LastSwiftUpdateCheck = 1330;
				LastUpgradeCheck = 1330;
				TargetAttributes = {
					DCC933E7282678C00048E384 = {
						CreatedOnToolsVersion = 13.3;
					};
				};
			};
			buildConfigurationList = DCC933E3282678C00048E384 /* Build configuration list for PBXProject "Todo List 2" */;
			compatibilityVersion = "Xcode 13.0";
			developmentRegion = en;
			hasScannedForEncodings = 0;
			knownRegions = (
				en,
				Base,
			);
			mainGroup = DCC933DF282678C00048E384;
			productRefGroup = DCC933E9282678C00048E384 /* Products */;
			projectDirPath = "";
			projectRoot = "";
			targets = (
				DCC933E7282678C00048E384 /* Todo List 2 */,
			);
		};
/* End PBXProject section */

/* Begin PBXResourcesBuildPhase section */
		DCC933E6282678C00048E384 /* Resources */ = {
			isa = PBXResourcesBuildPhase;
			buildActionMask = 2147483647;
			files = (
				DCC933F3282678C30048E384 /* Preview Assets.xcassets in Resources */,
				DCC933F0282678C30048E384 /* Assets.xcassets in Resources */,
			);
			runOnlyForDeploymentPostprocessing = 0;
		};
/* End PBXResourcesBuildPhase section */

/* Begin PBXSourcesBuildPhase section */
		DCC933E4282678C00048E384 /* Sources */ = {
			isa = PBXSourcesBuildPhase;
			buildActionMask = 2147483647;
			files = (
				DCC933F5282678C30048E384 /* Persistence.swift in Sources */,
				DCC933EE282678C00048E384 /* ContentView.swift in Sources */,
				DCC933F8282678C30048E384 /* Todo_List_2.xcdatamodeld in Sources */,
				DCC933EC282678C00048E384 /* Todo_List_2App.swift in Sources */,
				DCC934032826796B0048E384 /* AddItemView.swift in Sources */,
			);
			runOnlyForDeploymentPostprocessing = 0;
		};
/* End PBXSourcesBuildPhase section */

/* Begin XCBuildConfiguration section */
		DCC933FA282678C30048E384 /* Debug */ = {
			isa = XCBuildConfiguration;
			buildSettings = {
				ALWAYS_SEARCH_USER_PATHS = NO;
				CLANG_ANALYZER_NONNULL = YES;
				CLANG_ANALYZER_NUMBER_OBJECT_CONVERSION = YES_AGGRESSIVE;
				CLANG_CXX_LANGUAGE_STANDARD = "gnu++17";
				CLANG_ENABLE_MODULES = YES;
				CLANG_ENABLE_OBJC_ARC = YES;
				CLANG_ENABLE_OBJC_WEAK = YES;
				CLANG_WARN_BLOCK_CAPTURE_AUTORELEASING = YES;
				CLANG_WARN_BOOL_CONVERSION = YES;
				CLANG_WARN_COMMA = YES;
				CLANG_WARN_CONSTANT_CONVERSION = YES;
				CLANG_WARN_DEPRECATED_OBJC_IMPLEMENTATIONS = YES;
				CLANG_WARN_DIRECT_OBJC_ISA_USAGE = YES_ERROR;
				CLANG_WARN_DOCUMENTATION_COMMENTS = YES;
				CLANG_WARN_EMPTY_BODY = YES;
				CLANG_WARN_ENUM_CONVERSION = YES;
				CLANG_WARN_INFINITE_RECURSION = YES;
				CLANG_WARN_INT_CONVERSION = YES;
				CLANG_WARN_NON_LITERAL_NULL_CONVERSION = YES;
				CLANG_WARN_OBJC_IMPLICIT_RETAIN_SELF = YES;
				CLANG_WARN_OBJC_LITERAL_CONVERSION = YES;
				CLANG_WARN_OBJC_ROOT_CLASS = YES_ERROR;
				CLANG_WARN_QUOTED_INCLUDE_IN_FRAMEWORK_HEADER = YES;
				CLANG_WARN_RANGE_LOOP_ANALYSIS = YES;
				CLANG_WARN_STRICT_PROTOTYPES = YES;
				CLANG_WARN_SUSPICIOUS_MOVE = YES;
				CLANG_WARN_UNGUARDED_AVAILABILITY = YES_AGGRESSIVE;
				CLANG_WARN_UNREACHABLE_CODE = YES;
				CLANG_WARN__DUPLICATE_METHOD_MATCH = YES;
				COPY_PHASE_STRIP = NO;
				DEBUG_INFORMATION_FORMAT = dwarf;
				ENABLE_STRICT_OBJC_MSGSEND = YES;
				ENABLE_TESTABILITY = YES;
				GCC_C_LANGUAGE_STANDARD = gnu11;
				GCC_DYNAMIC_NO_PIC = NO;
				GCC_NO_COMMON_BLOCKS = YES;
				GCC_OPTIMIZATION_LEVEL = 0;
				GCC_PREPROCESSOR_DEFINITIONS = (
					"DEBUG=1",
					"$(inherited)",
				);
				GCC_WARN_64_TO_32_BIT_CONVERSION = YES;
				GCC_WARN_ABOUT_RETURN_TYPE = YES_ERROR;
				GCC_WARN_UNDECLARED_SELECTOR = YES;
				GCC_WARN_UNINITIALIZED_AUTOS = YES_AGGRESSIVE;
				GCC_WARN_UNUSED_FUNCTION = YES;
				GCC_WARN_UNUSED_VARIABLE = YES;
				MACOSX_DEPLOYMENT_TARGET = 12.3;
				MTL_ENABLE_DEBUG_INFO = INCLUDE_SOURCE;
				MTL_FAST_MATH = YES;
				ONLY_ACTIVE_ARCH = YES;
				SDKROOT = macosx;
				SWIFT_ACTIVE_COMPILATION_CONDITIONS = DEBUG;
				SWIFT_OPTIMIZATION_LEVEL = "-Onone";
			};
			name = Debug;
		};
		DCC933FB282678C30048E384 /* Release */ = {
			isa = XCBuildConfiguration;
			buildSettings = {
				ALWAYS_SEARCH_USER_PATHS = NO;
				CLANG_ANALYZER_NONNULL = YES;
				CLANG_ANALYZER_NUMBER_OBJECT_CONVERSION = YES_AGGRESSIVE;
				CLANG_CXX_LANGUAGE_STANDARD = "gnu++17";
				CLANG_ENABLE_MODULES = YES;
				CLANG_ENABLE_OBJC_ARC = YES;
				CLANG_ENABLE_OBJC_WEAK = YES;
				CLANG_WARN_BLOCK_CAPTURE_AUTORELEASING = YES;
				CLANG_WARN_BOOL_CONVERSION = YES;
				CLANG_WARN_COMMA = YES;
				CLANG_WARN_CONSTANT_CONVERSION = YES;
				CLANG_WARN_DEPRECATED_OBJC_IMPLEMENTATIONS = YES;
				CLANG_WARN_DIRECT_OBJC_ISA_USAGE = YES_ERROR;
				CLANG_WARN_DOCUMENTATION_COMMENTS = YES;
				CLANG_WARN_EMPTY_BODY = YES;
				CLANG_WARN_ENUM_CONVERSION = YES;
				CLANG_WARN_INFINITE_RECURSION = YES;
				CLANG_WARN_INT_CONVERSION = YES;
				CLANG_WARN_NON_LITERAL_NULL_CONVERSION = YES;
				CLANG_WARN_OBJC_IMPLICIT_RETAIN_SELF = YES;
				CLANG_WARN_OBJC_LITERAL_CONVERSION = YES;
				CLANG_WARN_OBJC_ROOT_CLASS = YES_ERROR;
				CLANG_WARN_QUOTED_INCLUDE_IN_FRAMEWORK_HEADER = YES;
				CLANG_WARN_RANGE_LOOP_ANALYSIS = YES;
				CLANG_WARN_STRICT_PROTOTYPES = YES;
				CLANG_WARN_SUSPICIOUS_MOVE = YES;
				CLANG_WARN_UNGUARDED_AVAILABILITY = YES_AGGRESSIVE;
				CLANG_WARN_UNREACHABLE_CODE = YES;
				CLANG_WARN__DUPLICATE_METHOD_MATCH = YES;
				COPY_PHASE_STRIP = NO;
				DEBUG_INFORMATION_FORMAT = "dwarf-with-dsym";
				ENABLE_NS_ASSERTIONS = NO;
				ENABLE_STRICT_OBJC_MSGSEND = YES;
				GCC_C_LANGUAGE_STANDARD = gnu11;
				GCC_NO_COMMON_BLOCKS = YES;
				GCC_WARN_64_TO_32_BIT_CONVERSION = YES;
				GCC_WARN_ABOUT_RETURN_TYPE = YES_ERROR;
				GCC_WARN_UNDECLARED_SELECTOR = YES;
				GCC_WARN_UNINITIALIZED_AUTOS = YES_AGGRESSIVE;
				GCC_WARN_UNUSED_FUNCTION = YES;
				GCC_WARN_UNUSED_VARIABLE = YES;
				MACOSX_DEPLOYMENT_TARGET = 12.3;
				MTL_ENABLE_DEBUG_INFO = NO;
				MTL_FAST_MATH = YES;
				SDKROOT = macosx;
				SWIFT_COMPILATION_MODE = wholemodule;
				SWIFT_OPTIMIZATION_LEVEL = "-O";
			};
			name = Release;
		};
		DCC933FD282678C30048E384 /* Debug */ = {
			isa = XCBuildConfiguration;
			buildSettings = {
				ASSETCATALOG_COMPILER_APPICON_NAME = AppIcon;
				ASSETCATALOG_COMPILER_GLOBAL_ACCENT_COLOR_NAME = AccentColor;
				CODE_SIGN_ENTITLEMENTS = "Todo List 2/Todo_List_2.entitlements";
				CODE_SIGN_STYLE = Automatic;
				COMBINE_HIDPI_IMAGES = YES;
				CURRENT_PROJECT_VERSION = 1;
				DEVELOPMENT_ASSET_PATHS = "\"Todo List 2/Preview Content\"";
				DEVELOPMENT_TEAM = 96NM39SGJ5;
				ENABLE_HARDENED_RUNTIME = YES;
				ENABLE_PREVIEWS = YES;
				GENERATE_INFOPLIST_FILE = YES;
				INFOPLIST_KEY_NSHumanReadableCopyright = "";
				LD_RUNPATH_SEARCH_PATHS = (
					"$(inherited)",
					"@executable_path/../Frameworks",
				);
				MARKETING_VERSION = 1.0;
				PRODUCT_BUNDLE_IDENTIFIER = "com.parussoft.Todo-List-2";
				PRODUCT_NAME = "$(TARGET_NAME)";
				SWIFT_EMIT_LOC_STRINGS = YES;
				SWIFT_VERSION = 5.0;
			};
			name = Debug;
		};
		DCC933FE282678C30048E384 /* Release */ = {
			isa = XCBuildConfiguration;
			buildSettings = {
				ASSETCATALOG_COMPILER_APPICON_NAME = AppIcon;
				ASSETCATALOG_COMPILER_GLOBAL_ACCENT_COLOR_NAME = AccentColor;
				CODE_SIGN_ENTITLEMENTS = "Todo List 2/Todo_List_2.entitlements";
				CODE_SIGN_STYLE = Automatic;
				COMBINE_HIDPI_IMAGES = YES;
				CURRENT_PROJECT_VERSION = 1;
				DEVELOPMENT_ASSET_PATHS = "\"Todo List 2/Preview Content\"";
				DEVELOPMENT_TEAM = 96NM39SGJ5;
				ENABLE_HARDENED_RUNTIME = YES;
				ENABLE_PREVIEWS = YES;
				GENERATE_INFOPLIST_FILE = YES;
				INFOPLIST_KEY_NSHumanReadableCopyright = "";
				LD_RUNPATH_SEARCH_PATHS = (
					"$(inherited)",
					"@executable_path/../Frameworks",
				);
				MARKETING_VERSION = 1.0;
				PRODUCT_BUNDLE_IDENTIFIER = "com.parussoft.Todo-List-2";
				PRODUCT_NAME = "$(TARGET_NAME)";
				SWIFT_EMIT_LOC_STRINGS = YES;
				SWIFT_VERSION = 5.0;
			};
			name = Release;
		};
/* End XCBuildConfiguration section */

/* Begin XCConfigurationList section */
		DCC933E3282678C00048E384 /* Build configuration list for PBXProject "Todo List 2" */ = {
			isa = XCConfigurationList;
			buildConfigurations = (
				DCC933FA282678C30048E384 /* Debug */,
				DCC933FB282678C30048E384 /* Release */,
			);
			defaultConfigurationIsVisible = 0;
			defaultConfigurationName = Release;
		};
		DCC933FC282678C30048E384 /* Build configuration list for PBXNativeTarget "Todo List 2" */ = {
			isa = XCConfigurationList;
			buildConfigurations = (
				DCC933FD282678C30048E384 /* Debug */,
				DCC933FE282678C30048E384 /* Release */,
			);
			defaultConfigurationIsVisible = 0;
			defaultConfigurationName = Release;
		};
/* End XCConfigurationList section */

/* Begin XCVersionGroup section */
		DCC933F6282678C30048E384 /* Todo_List_2.xcdatamodeld */ = {
			isa = XCVersionGroup;
			children = (
				DCC933F7282678C30048E384 /* Todo_List_2.xcdatamodel */,
			);
			currentVersion = DCC933F7282678C30048E384 /* Todo_List_2.xcdatamodel */;
			path = Todo_List_2.xcdatamodeld;
			sourceTree = "<group>";
			versionGroupType = wrapper.xcdatamodel;
		};
/* End XCVersionGroup section */
	};
	rootObject = DCC933E0282678C00048E384 /* Project object */;
}
